
Microsoft Visual Studio Solution File, Format Version 12.00
# Visual Studio Version 17
VisualStudioVersion = 17.4.33110.190
MinimumVisualStudioVersion = 10.0.40219.1
Project("{888888A0-9F3D-457C-B088-3A5042F75D52}") = "valet-parking-system-pbl", "valet-parking-system-pbl.pyproj", "{4AA88356-D507-4E15-BF66-B419A2779D46}"
EndProject
Global
	GlobalSection(SolutionConfigurationPlatforms) = preSolution
		Debug|Any CPU = Debug|Any CPU
		Release|Any CPU = Release|Any CPU
	EndGlobalSection
	GlobalSection(ProjectConfigurationPlatforms) = postSolution
		{4AA88356-D507-4E15-BF66-B419A2779D46}.Debug|Any CPU.ActiveCfg = Debug|Any CPU
		{4AA88356-D507-4E15-BF66-B419A2779D46}.Release|Any CPU.ActiveCfg = Release|Any CPU
	EndGlobalSection
	GlobalSection(SolutionProperties) = preSolution
		HideSolutionNode = FALSE
	EndGlobalSection
	GlobalSection(ExtensibilityGlobals) = postSolution
		SolutionGuid = {7EFE6EC9-AAFE-41E5-94A2-D126E6DD7DD1}
	EndGlobalSection
EndGlobal
